
Microsoft Visual Studio Solution File, Format Version 12.00
# Visual Studio 15
VisualStudioVersion = 15.0.27703.2018
MinimumVisualStudioVersion = 10.0.40219.1
Project("{8BC9CEB8-8B4A-11D0-8D11-00A0C91BC942}") = "ds4wizard-cpp", "ds4wizard-cpp\ds4wizard-cpp.vcxproj", "{B12702AD-ABFB-343A-A199-8E24837244A3}"
EndProject
Project("{8BC9CEB8-8B4A-11D0-8D11-00A0C91BC942}") = "libhid", "libhid\libhid.vcxproj", "{03F69A1B-6D18-43F5-B71F-B3A3018F12F0}"
EndProject
Project("{8BC9CEB8-8B4A-11D0-8D11-00A0C91BC942}") = "ds4wizard-device-toggle", "ds4wizard-device-toggle\ds4wizard-device-toggle.vcxproj", "{7FFC69CC-E15A-4470-9EC4-7477FD662C89}"
EndProject
Project("{8BC9CEB8-8B4A-11D0-8D11-00A0C91BC942}") = "libdevicetoggle", "libdevicetoggle\libdevicetoggle.vcxproj", "{3292BD3C-C649-46B0-9C60-545B31F2B169}"
EndProject
Global
	GlobalSection(SolutionConfigurationPlatforms) = preSolution
		Debug|x64 = Debug|x64
		Release|x64 = Release|x64
	EndGlobalSection
	GlobalSection(ProjectConfigurationPlatforms) = postSolution
		{B12702AD-ABFB-343A-A199-8E24837244A3}.Debug|x64.ActiveCfg = Debug|x64
		{B12702AD-ABFB-343A-A199-8E24837244A3}.Debug|x64.Build.0 = Debug|x64
		{B12702AD-ABFB-343A-A199-8E24837244A3}.Release|x64.ActiveCfg = Release|x64
		{B12702AD-ABFB-343A-A199-8E24837244A3}.Release|x64.Build.0 = Release|x64
		{03F69A1B-6D18-43F5-B71F-B3A3018F12F0}.Debug|x64.ActiveCfg = Debug|x64
		{03F69A1B-6D18-43F5-B71F-B3A3018F12F0}.Debug|x64.Build.0 = Debug|x64
		{03F69A1B-6D18-43F5-B71F-B3A3018F12F0}.Release|x64.ActiveCfg = Release|x64
		{03F69A1B-6D18-43F5-B71F-B3A3018F12F0}.Release|x64.Build.0 = Release|x64
		{7FFC69CC-E15A-4470-9EC4-7477FD662C89}.Debug|x64.ActiveCfg = Debug|x64
		{7FFC69CC-E15A-4470-9EC4-7477FD662C89}.Debug|x64.Build.0 = Debug|x64
		{7FFC69CC-E15A-4470-9EC4-7477FD662C89}.Release|x64.ActiveCfg = Release|x64
		{7FFC69CC-E15A-4470-9EC4-7477FD662C89}.Release|x64.Build.0 = Release|x64
		{3292BD3C-C649-46B0-9C60-545B31F2B169}.Debug|x64.ActiveCfg = Debug|x64
		{3292BD3C-C649-46B0-9C60-545B31F2B169}.Debug|x64.Build.0 = Debug|x64
		{3292BD3C-C649-46B0-9C60-545B31F2B169}.Release|x64.ActiveCfg = Release|x64
		{3292BD3C-C649-46B0-9C60-545B31F2B169}.Release|x64.Build.0 = Release|x64
	EndGlobalSection
	GlobalSection(SolutionProperties) = preSolution
		HideSolutionNode = FALSE
	EndGlobalSection
	GlobalSection(ExtensibilityGlobals) = postSolution
		SolutionGuid = {7F2C3D6C-DAE3-426B-861F-DC54077524D2}
	EndGlobalSection
EndGlobal
