
Microsoft Visual Studio Solution File, Format Version 12.00
# Visual Studio Version 17
VisualStudioVersion = 17.1.32210.238
MinimumVisualStudioVersion = 10.0.40219.1
Project("{8BC9CEB8-8B4A-11D0-8D11-00A0C91BC942}") = "ds4wizard-cpp", "ds4wizard-cpp\ds4wizard-cpp.vcxproj", "{B12702AD-ABFB-343A-A199-8E24837244A3}"
	ProjectSection(ProjectDependencies) = postProject
		{7FFC69CC-E15A-4470-9EC4-7477FD662C89} = {7FFC69CC-E15A-4470-9EC4-7477FD662C89}
	EndProjectSection
EndProject
Project("{8BC9CEB8-8B4A-11D0-8D11-00A0C91BC942}") = "libhid", "libhid\libhid.vcxproj", "{03F69A1B-6D18-43F5-B71F-B3A3018F12F0}"
EndProject
Project("{8BC9CEB8-8B4A-11D0-8D11-00A0C91BC942}") = "ds4wizard-device-toggle", "ds4wizard-device-toggle\ds4wizard-device-toggle.vcxproj", "{7FFC69CC-E15A-4470-9EC4-7477FD662C89}"
EndProject
Project("{8BC9CEB8-8B4A-11D0-8D11-00A0C91BC942}") = "libdevicetoggle", "libdevicetoggle\libdevicetoggle.vcxproj", "{3292BD3C-C649-46B0-9C60-545B31F2B169}"
EndProject
Project("{2150E333-8FDC-42A3-9474-1A3956D46DE8}") = "dependencies", "dependencies", "{EFC8667D-50C4-4A83-A819-B56998FFF2AA}"
EndProject
Project("{8BC9CEB8-8B4A-11D0-8D11-00A0C91BC942}") = "fmt", "dependencies\fmt-build\fmt.vcxproj", "{A89BB5DB-DB58-36B0-8D5E-B020F3A513EB}"
EndProject
Project("{8BC9CEB8-8B4A-11D0-8D11-00A0C91BC942}") = "SingleApplication", "SingleApplication\SingleApplication.vcxproj", "{7ECA4674-EE2E-434E-BA80-BD026783A13D}"
EndProject
Project("{8BC9CEB8-8B4A-11D0-8D11-00A0C91BC942}") = "hid-tester", "hid-tester\hid-tester.vcxproj", "{A1449C88-190B-4F6B-9B13-BA8EDB7E2807}"
EndProject
Project("{2150E333-8FDC-42A3-9474-1A3956D46DE8}") = "internal libraries", "internal libraries", "{66D229C9-532C-4984-A907-945CED26F85A}"
EndProject
Project("{8BC9CEB8-8B4A-11D0-8D11-00A0C91BC942}") = "ViGEmClient", "dependencies\ViGEmClient-build\ViGEmClient.vcxproj", "{3D9FC874-7A4D-3908-9B5A-9FA7E93240BE}"
EndProject
Global
	GlobalSection(SolutionConfigurationPlatforms) = preSolution
		Debug|x64 = Debug|x64
		Release|x64 = Release|x64
	EndGlobalSection
	GlobalSection(ProjectConfigurationPlatforms) = postSolution
		{B12702AD-ABFB-343A-A199-8E24837244A3}.Debug|x64.ActiveCfg = Debug|x64
		{B12702AD-ABFB-343A-A199-8E24837244A3}.Debug|x64.Build.0 = Debug|x64
		{B12702AD-ABFB-343A-A199-8E24837244A3}.Release|x64.ActiveCfg = Release|x64
		{B12702AD-ABFB-343A-A199-8E24837244A3}.Release|x64.Build.0 = Release|x64
		{03F69A1B-6D18-43F5-B71F-B3A3018F12F0}.Debug|x64.ActiveCfg = Debug|x64
		{03F69A1B-6D18-43F5-B71F-B3A3018F12F0}.Debug|x64.Build.0 = Debug|x64
		{03F69A1B-6D18-43F5-B71F-B3A3018F12F0}.Release|x64.ActiveCfg = Release|x64
		{03F69A1B-6D18-43F5-B71F-B3A3018F12F0}.Release|x64.Build.0 = Release|x64
		{7FFC69CC-E15A-4470-9EC4-7477FD662C89}.Debug|x64.ActiveCfg = Debug|x64
		{7FFC69CC-E15A-4470-9EC4-7477FD662C89}.Debug|x64.Build.0 = Debug|x64
		{7FFC69CC-E15A-4470-9EC4-7477FD662C89}.Release|x64.ActiveCfg = Release|x64
		{7FFC69CC-E15A-4470-9EC4-7477FD662C89}.Release|x64.Build.0 = Release|x64
		{3292BD3C-C649-46B0-9C60-545B31F2B169}.Debug|x64.ActiveCfg = Debug|x64
		{3292BD3C-C649-46B0-9C60-545B31F2B169}.Debug|x64.Build.0 = Debug|x64
		{3292BD3C-C649-46B0-9C60-545B31F2B169}.Release|x64.ActiveCfg = Release|x64
		{3292BD3C-C649-46B0-9C60-545B31F2B169}.Release|x64.Build.0 = Release|x64
		{A89BB5DB-DB58-36B0-8D5E-B020F3A513EB}.Debug|x64.ActiveCfg = Debug|x64
		{A89BB5DB-DB58-36B0-8D5E-B020F3A513EB}.Debug|x64.Build.0 = Debug|x64
		{A89BB5DB-DB58-36B0-8D5E-B020F3A513EB}.Release|x64.ActiveCfg = Release|x64
		{A89BB5DB-DB58-36B0-8D5E-B020F3A513EB}.Release|x64.Build.0 = Release|x64
		{7ECA4674-EE2E-434E-BA80-BD026783A13D}.Debug|x64.ActiveCfg = Debug|x64
		{7ECA4674-EE2E-434E-BA80-BD026783A13D}.Debug|x64.Build.0 = Debug|x64
		{7ECA4674-EE2E-434E-BA80-BD026783A13D}.Release|x64.ActiveCfg = Release|x64
		{7ECA4674-EE2E-434E-BA80-BD026783A13D}.Release|x64.Build.0 = Release|x64
		{A1449C88-190B-4F6B-9B13-BA8EDB7E2807}.Debug|x64.ActiveCfg = Debug|x64
		{A1449C88-190B-4F6B-9B13-BA8EDB7E2807}.Debug|x64.Build.0 = Debug|x64
		{A1449C88-190B-4F6B-9B13-BA8EDB7E2807}.Release|x64.ActiveCfg = Release|x64
		{A1449C88-190B-4F6B-9B13-BA8EDB7E2807}.Release|x64.Build.0 = Release|x64
		{3D9FC874-7A4D-3908-9B5A-9FA7E93240BE}.Debug|x64.ActiveCfg = Debug|x64
		{3D9FC874-7A4D-3908-9B5A-9FA7E93240BE}.Debug|x64.Build.0 = Debug|x64
		{3D9FC874-7A4D-3908-9B5A-9FA7E93240BE}.Release|x64.ActiveCfg = Release|x64
		{3D9FC874-7A4D-3908-9B5A-9FA7E93240BE}.Release|x64.Build.0 = Release|x64
	EndGlobalSection
	GlobalSection(SolutionProperties) = preSolution
		HideSolutionNode = FALSE
	EndGlobalSection
	GlobalSection(NestedProjects) = preSolution
		{03F69A1B-6D18-43F5-B71F-B3A3018F12F0} = {66D229C9-532C-4984-A907-945CED26F85A}
		{3292BD3C-C649-46B0-9C60-545B31F2B169} = {66D229C9-532C-4984-A907-945CED26F85A}
		{A89BB5DB-DB58-36B0-8D5E-B020F3A513EB} = {EFC8667D-50C4-4A83-A819-B56998FFF2AA}
		{7ECA4674-EE2E-434E-BA80-BD026783A13D} = {EFC8667D-50C4-4A83-A819-B56998FFF2AA}
		{3D9FC874-7A4D-3908-9B5A-9FA7E93240BE} = {EFC8667D-50C4-4A83-A819-B56998FFF2AA}
	EndGlobalSection
	GlobalSection(ExtensibilityGlobals) = postSolution
		Qt5Version = $(DefaultQtVersion)
		SolutionGuid = {7F2C3D6C-DAE3-426B-861F-DC54077524D2}
	EndGlobalSection
EndGlobal
