<?xml version="1.0" encoding="utf-8"?>
<Project ToolsVersion="4.0" xmlns="http://schemas.microsoft.com/developer/msbuild/2003">
  <ItemGroup>
    <ClCompile Include="Settings.cpp">
      <Filter>Source Files</Filter>
    </ClCompile>
    <ClCompile Include="program.cpp">
      <Filter>Source Files</Filter>
    </ClCompile>
    <ClCompile Include="DeviceProfileCache.cpp">
      <Filter>Source Files</Filter>
    </ClCompile>
    <ClCompile Include="DeviceSettingsCommon.cpp">
      <Filter>Source Files</Filter>
    </ClCompile>
    <ClCompile Include="DeviceSettings.cpp">
      <Filter>Source Files</Filter>
    </ClCompile>
    <ClCompile Include="DeviceProfile.cpp">
      <Filter>Source Files</Filter>
    </ClCompile>
    <ClCompile Include="DeviceIdleOptions.cpp">
      <Filter>Source Files</Filter>
    </ClCompile>
    <ClCompile Include="Pressable.cpp">
      <Filter>Source Files</Filter>
    </ClCompile>
    <ClCompile Include="AxisOptions.cpp">
      <Filter>Source Files</Filter>
    </ClCompile>
    <ClCompile Include="Bluetooth.cpp">
      <Filter>Source Files</Filter>
    </ClCompile>
    <ClCompile Include="XInputGamepad.cpp">
      <Filter>Source Files</Filter>
    </ClCompile>
    <ClCompile Include="InputMap.cpp">
      <Filter>Source Files</Filter>
    </ClCompile>
    <ClCompile Include="main.cpp">
      <Filter>Source Files</Filter>
    </ClCompile>
    <ClCompile Include="Logger.cpp">
      <Filter>Source Files</Filter>
    </ClCompile>
    <ClCompile Include="Ds4AutoLightColor.cpp">
      <Filter>Source Files\DualShock 4</Filter>
    </ClCompile>
    <ClCompile Include="Ds4Color.cpp">
      <Filter>Source Files\DualShock 4</Filter>
    </ClCompile>
    <ClCompile Include="Ds4Device.cpp">
      <Filter>Source Files\DualShock 4</Filter>
    </ClCompile>
    <ClCompile Include="Ds4DeviceManager.cpp">
      <Filter>Source Files\DualShock 4</Filter>
    </ClCompile>
    <ClCompile Include="Ds4Input.cpp">
      <Filter>Source Files\DualShock 4</Filter>
    </ClCompile>
    <ClCompile Include="Ds4InputData.cpp">
      <Filter>Source Files\DualShock 4</Filter>
    </ClCompile>
    <ClCompile Include="Ds4LightOptions.cpp">
      <Filter>Source Files\DualShock 4</Filter>
    </ClCompile>
    <ClCompile Include="Ds4Output.cpp">
      <Filter>Source Files\DualShock 4</Filter>
    </ClCompile>
    <ClCompile Include="Ds4TouchRegion.cpp">
      <Filter>Source Files\DualShock 4</Filter>
    </ClCompile>
    <ClCompile Include="enums.cpp">
      <Filter>Source Files\Utility</Filter>
    </ClCompile>
    <ClCompile Include="Stopwatch.cpp">
      <Filter>Source Files\Utility</Filter>
    </ClCompile>
    <ClCompile Include="MainWindow.cpp">
      <Filter>Source Files\User Interface</Filter>
    </ClCompile>
    <ClCompile Include="DevicePropertiesDialog.cpp">
      <Filter>Source Files\User Interface</Filter>
    </ClCompile>
    <ClCompile Include="ProfileEditorDialog.cpp">
      <Filter>Source Files\User Interface</Filter>
    </ClCompile>
    <ClCompile Include="pathutil.cpp">
      <Filter>Source Files\Utility</Filter>
    </ClCompile>
    <ClCompile Include="stringutil.cpp">
      <Filter>Source Files\Utility</Filter>
    </ClCompile>
    <ClCompile Include="Latency.cpp">
      <Filter>Source Files\Utility</Filter>
    </ClCompile>
    <ClCompile Include="KeyboardSimulator.cpp">
      <Filter>Source Files</Filter>
    </ClCompile>
    <ClCompile Include="MouseSimulator.cpp">
      <Filter>Source Files</Filter>
    </ClCompile>
    <ClCompile Include="InputSimulator.cpp">
      <Filter>Source Files</Filter>
    </ClCompile>
    <ClCompile Include="pch.cpp">
      <Filter>Source Files</Filter>
    </ClCompile>
    <ClCompile Include="ViGEmDriver.cpp">
      <Filter>Source Files\ViGEm</Filter>
    </ClCompile>
    <ClCompile Include="ViGEmTarget.cpp">
      <Filter>Source Files\ViGEm</Filter>
    </ClCompile>
    <ClCompile Include="Ds4ItemModel.cpp">
      <Filter>Models</Filter>
    </ClCompile>
    <ClCompile Include="DeviceProfileItemModel.cpp">
      <Filter>Models</Filter>
    </ClCompile>
    <ClCompile Include="DeviceProfileModel.cpp">
      <Filter>Models</Filter>
    </ClCompile>
    <ClCompile Include="Trackball.cpp">
      <Filter>Source Files</Filter>
    </ClCompile>
    <ClCompile Include="Vector2.cpp">
      <Filter>Source Files</Filter>
    </ClCompile>
  </ItemGroup>
  <ItemGroup>
    <Filter Include="Resource Files">
      <UniqueIdentifier>{D9D6E242-F8AF-46E4-B9FD-80ECBC20BA3E}</UniqueIdentifier>
      <Extensions>qrc;*</Extensions>
      <ParseFiles>false</ParseFiles>
    </Filter>
    <Filter Include="Source Files">
      <UniqueIdentifier>{4FC737F1-C7A5-4376-A066-2A32D752A2FF}</UniqueIdentifier>
      <Extensions>cpp;c;cc;cxx;def;odl;idl;hpj;bat;asm;asmx</Extensions>
      <ParseFiles>true</ParseFiles>
    </Filter>
    <Filter Include="Header Files">
      <UniqueIdentifier>{93995380-89BD-4b04-88EB-625FBE52EBFB}</UniqueIdentifier>
      <Extensions>h;hh;hpp;hxx;hm;inl;inc;xsd</Extensions>
      <ParseFiles>true</ParseFiles>
    </Filter>
    <Filter Include="Form Files">
      <UniqueIdentifier>{99349809-55BA-4b9d-BF79-8FDBB0286EB3}</UniqueIdentifier>
      <Extensions>ui</Extensions>
      <ParseFiles>true</ParseFiles>
    </Filter>
    <Filter Include="Header Files\DualShock 4">
      <UniqueIdentifier>{e6aceb0c-009e-465c-a96f-c03163384b70}</UniqueIdentifier>
    </Filter>
    <Filter Include="Source Files\DualShock 4">
      <UniqueIdentifier>{8ddc7dd3-b08b-4941-9ac9-5adf10be4bb5}</UniqueIdentifier>
    </Filter>
    <Filter Include="Header Files\Utility">
      <UniqueIdentifier>{ef08df88-a194-4408-8806-5133df6e50a1}</UniqueIdentifier>
    </Filter>
    <Filter Include="Source Files\Utility">
      <UniqueIdentifier>{e7b1ce75-2f23-4f6c-939a-6dd6bd309d04}</UniqueIdentifier>
    </Filter>
    <Filter Include="Header Files\User Interface">
      <UniqueIdentifier>{abe4e93f-947e-4a82-9164-d00c735b041f}</UniqueIdentifier>
    </Filter>
    <Filter Include="Source Files\User Interface">
      <UniqueIdentifier>{5cd2bbef-383a-41e3-8920-1b74c967e075}</UniqueIdentifier>
    </Filter>
    <Filter Include="Header Files\ViGEm">
      <UniqueIdentifier>{ac610b0b-5f01-4213-8626-4ea3c04e7dfc}</UniqueIdentifier>
    </Filter>
    <Filter Include="Source Files\ViGEm">
      <UniqueIdentifier>{0124fc3a-ff85-4972-b160-a57dd213abf6}</UniqueIdentifier>
    </Filter>
    <Filter Include="Models">
      <UniqueIdentifier>{03e10585-9e11-4a46-9475-816eceafadc1}</UniqueIdentifier>
    </Filter>
  </ItemGroup>
  <ItemGroup>
    <ClInclude Include="Settings.h">
      <Filter>Header Files</Filter>
    </ClInclude>
    <ClInclude Include="ConnectionType.h">
      <Filter>Header Files</Filter>
    </ClInclude>
    <ClInclude Include="JsonData.h">
      <Filter>Header Files</Filter>
    </ClInclude>
    <ClInclude Include="program.h">
      <Filter>Header Files</Filter>
    </ClInclude>
    <ClInclude Include="DeviceProfileCache.h">
      <Filter>Header Files</Filter>
    </ClInclude>
    <ClInclude Include="DeviceSettingsCommon.h">
      <Filter>Header Files</Filter>
    </ClInclude>
    <ClInclude Include="DeviceSettings.h">
      <Filter>Header Files</Filter>
    </ClInclude>
    <ClInclude Include="DeviceProfile.h">
      <Filter>Header Files</Filter>
    </ClInclude>
    <ClInclude Include="DeviceIdleOptions.h">
      <Filter>Header Files</Filter>
    </ClInclude>
    <ClInclude Include="Pressable.h">
      <Filter>Header Files</Filter>
    </ClInclude>
    <ClInclude Include="AxisOptions.h">
      <Filter>Header Files</Filter>
    </ClInclude>
    <ClInclude Include="XInputGamepad.h">
      <Filter>Header Files</Filter>
    </ClInclude>
    <ClInclude Include="Bluetooth.h">
      <Filter>Header Files</Filter>
    </ClInclude>
    <ClInclude Include="InputMap.h">
      <Filter>Header Files</Filter>
    </ClInclude>
    <ClInclude Include="Logger.h">
      <Filter>Header Files</Filter>
    </ClInclude>
    <ClInclude Include="Ds4AutoLightColor.h">
      <Filter>Header Files\DualShock 4</Filter>
    </ClInclude>
    <ClInclude Include="Ds4Color.h">
      <Filter>Header Files\DualShock 4</Filter>
    </ClInclude>
    <ClInclude Include="Ds4Device.h">
      <Filter>Header Files\DualShock 4</Filter>
    </ClInclude>
    <ClInclude Include="Ds4DeviceManager.h">
      <Filter>Header Files\DualShock 4</Filter>
    </ClInclude>
    <ClInclude Include="Ds4Input.h">
      <Filter>Header Files\DualShock 4</Filter>
    </ClInclude>
    <ClInclude Include="Ds4InputData.h">
      <Filter>Header Files\DualShock 4</Filter>
    </ClInclude>
    <ClInclude Include="Ds4LightOptions.h">
      <Filter>Header Files\DualShock 4</Filter>
    </ClInclude>
    <ClInclude Include="Ds4Output.h">
      <Filter>Header Files\DualShock 4</Filter>
    </ClInclude>
    <ClInclude Include="Ds4TouchRegion.h">
      <Filter>Header Files\DualShock 4</Filter>
    </ClInclude>
    <ClInclude Include="busenum.h">
      <Filter>Header Files\Utility</Filter>
    </ClInclude>
    <ClInclude Include="enums.h">
      <Filter>Header Files\Utility</Filter>
    </ClInclude>
    <ClInclude Include="lock.h">
      <Filter>Header Files\Utility</Filter>
    </ClInclude>
    <ClInclude Include="stringutil.h">
      <Filter>Header Files\Utility</Filter>
    </ClInclude>
    <ClInclude Include="Stopwatch.h">
      <Filter>Header Files\Utility</Filter>
    </ClInclude>
    <ClInclude Include="pathutil.h">
      <Filter>Header Files\Utility</Filter>
    </ClInclude>
    <ClInclude Include="Event.h">
      <Filter>Header Files</Filter>
    </ClInclude>
    <ClInclude Include="average.h">
      <Filter>Header Files\Utility</Filter>
    </ClInclude>
    <ClInclude Include="Latency.h">
      <Filter>Header Files\Utility</Filter>
    </ClInclude>
    <ClInclude Include="MouseSimulator.h">
      <Filter>Header Files</Filter>
    </ClInclude>
    <ClInclude Include="KeyboardSimulator.h">
      <Filter>Header Files</Filter>
    </ClInclude>
    <ClInclude Include="InputSimulator.h">
      <Filter>Header Files</Filter>
    </ClInclude>
    <ClInclude Include="pch.h">
      <Filter>Header Files</Filter>
    </ClInclude>
    <ClInclude Include="ViGEmDriver.h">
      <Filter>Header Files\ViGEm</Filter>
    </ClInclude>
    <ClInclude Include="ViGEmTarget.h">
      <Filter>Header Files\ViGEm</Filter>
    </ClInclude>
    <ClInclude Include="Trackball.h">
      <Filter>Header Files</Filter>
    </ClInclude>
    <ClInclude Include="Vector2.h">
      <Filter>Header Files</Filter>
    </ClInclude>
    <ClInclude Include="gmath.h">
      <Filter>Header Files\Utility</Filter>
    </ClInclude>
  </ItemGroup>
  <ItemGroup>
    <QtMoc Include="MainWindow.h">
      <Filter>Header Files\User Interface</Filter>
    </QtMoc>
    <QtMoc Include="DevicePropertiesDialog.h">
      <Filter>Header Files\User Interface</Filter>
    </QtMoc>
    <QtMoc Include="ProfileEditorDialog.h">
      <Filter>Header Files\User Interface</Filter>
    </QtMoc>
    <QtMoc Include="Ds4ItemModel.h">
      <Filter>Models</Filter>
    </QtMoc>
    <QtMoc Include="DeviceProfileItemModel.h">
      <Filter>Models</Filter>
    </QtMoc>
    <QtMoc Include="DeviceProfileModel.h">
      <Filter>Models</Filter>
    </QtMoc>
  </ItemGroup>
  <ItemGroup>
    <QtUic Include="ProfileEditorDialog.ui">
      <Filter>Form Files</Filter>
    </QtUic>
    <QtUic Include="MainWindow.ui">
      <Filter>Form Files</Filter>
    </QtUic>
    <QtUic Include="DevicePropertiesDialog.ui">
      <Filter>Form Files</Filter>
    </QtUic>
  </ItemGroup>
  <ItemGroup>
    <QtRcc Include="ds4wizardcpp.qrc">
      <Filter>Resource Files</Filter>
    </QtRcc>
  </ItemGroup>
  <ItemGroup>
    <ResourceCompile Include="ds4wizard-cpp.rc">
      <Filter>Resource Files</Filter>
    </ResourceCompile>
  </ItemGroup>
</Project>